
Microsoft Visual Studio Solution File, Format Version 12.00
# Visual Studio Version 16
VisualStudioVersion = 16.0.29709.97
MinimumVisualStudioVersion = 10.0.40219.1
Project("{9A19103F-16F7-4668-BE54-9A1E7A4F7556}") = "ChemiCleanDataSheets", "ChemiCleanDataSheets\ChemiCleanDataSheets.csproj", "{53C5A424-5D2B-4204-A1B6-FC0DA44C3D62}"
EndProject
Project("{FAE04EC0-301F-11D3-BF4B-00C04F79EFBC}") = "ChemiCleanDataSheets.Web", "ChemiCleanDataSheets.Web\ChemiCleanDataSheets.Web.csproj", "{C45F0921-4BE5-4A2B-B03A-8F207E48A82E}"
EndProject
Global
	GlobalSection(SolutionConfigurationPlatforms) = preSolution
		Debug|Any CPU = Debug|Any CPU
		Release|Any CPU = Release|Any CPU
	EndGlobalSection
	GlobalSection(ProjectConfigurationPlatforms) = postSolution
		{53C5A424-5D2B-4204-A1B6-FC0DA44C3D62}.Debug|Any CPU.ActiveCfg = Debug|Any CPU
		{53C5A424-5D2B-4204-A1B6-FC0DA44C3D62}.Debug|Any CPU.Build.0 = Debug|Any CPU
		{53C5A424-5D2B-4204-A1B6-FC0DA44C3D62}.Release|Any CPU.ActiveCfg = Release|Any CPU
		{53C5A424-5D2B-4204-A1B6-FC0DA44C3D62}.Release|Any CPU.Build.0 = Release|Any CPU
		{C45F0921-4BE5-4A2B-B03A-8F207E48A82E}.Debug|Any CPU.ActiveCfg = Debug|Any CPU
		{C45F0921-4BE5-4A2B-B03A-8F207E48A82E}.Debug|Any CPU.Build.0 = Debug|Any CPU
		{C45F0921-4BE5-4A2B-B03A-8F207E48A82E}.Release|Any CPU.ActiveCfg = Release|Any CPU
		{C45F0921-4BE5-4A2B-B03A-8F207E48A82E}.Release|Any CPU.Build.0 = Release|Any CPU
	EndGlobalSection
	GlobalSection(SolutionProperties) = preSolution
		HideSolutionNode = FALSE
	EndGlobalSection
	GlobalSection(ExtensibilityGlobals) = postSolution
		SolutionGuid = {459960B9-490E-4BF0-9F7E-5FD2001AD0C2}
	EndGlobalSection
EndGlobal
